
Microsoft Visual Studio Solution File, Format Version 12.00
# Visual Studio Version 17
VisualStudioVersion = 17.5.33530.505
MinimumVisualStudioVersion = 10.0.40219.1
Project("{9A19103F-16F7-4668-BE54-9A1E7A4F7556}") = "Calculator", "Calculator.csproj", "{4816AC18-6835-4D10-8F4A-48319CEC6815}"
EndProject
Global
	GlobalSection(SolutionConfigurationPlatforms) = preSolution
		Debug|Any CPU = Debug|Any CPU
		Release|Any CPU = Release|Any CPU
	EndGlobalSection
	GlobalSection(ProjectConfigurationPlatforms) = postSolution
		{4816AC18-6835-4D10-8F4A-48319CEC6815}.Debug|Any CPU.ActiveCfg = Debug|Any CPU
		{4816AC18-6835-4D10-8F4A-48319CEC6815}.Debug|Any CPU.Build.0 = Debug|Any CPU
		{4816AC18-6835-4D10-8F4A-48319CEC6815}.Release|Any CPU.ActiveCfg = Release|Any CPU
		{4816AC18-6835-4D10-8F4A-48319CEC6815}.Release|Any CPU.Build.0 = Release|Any CPU
	EndGlobalSection
	GlobalSection(SolutionProperties) = preSolution
		HideSolutionNode = FALSE
	EndGlobalSection
	GlobalSection(ExtensibilityGlobals) = postSolution
		SolutionGuid = {89D2C159-5A9C-4F9B-8A87-167416B9AC85}
	EndGlobalSection
EndGlobal
